// !$*UTF8*$!
{
	archiveVersion = 1;
	classes = {
	};
	objectVersion = 45;
	objects = {

/* Begin PBXBuildFile section */
		8D11072B0486CEB800E47090 /* InfoPlist.strings in Resources */ = {isa = PBXBuildFile; fileRef = 089C165CFE840E0CC02AAC07 /* InfoPlist.strings */; };
		8D11072D0486CEB800E47090 /* main.m in Sources */ = {isa = PBXBuildFile; fileRef = 29B97316FDCFA39411CA2CEA /* main.m */; settings = {ATTRIBUTES = (); }; };
		8D11072F0486CEB800E47090 /* Cocoa.framework in Frameworks */ = {isa = PBXBuildFile; fileRef = 1058C7A1FEA54F0111CA2CBB /* Cocoa.framework */; };
		B802F2C510DA71BA0018F124 /* CWMatrixLUDecOperation.m in Sources */ = {isa = PBXBuildFile; fileRef = B802F2C410DA71BA0018F124 /* CWMatrixLUDecOperation.m */; };
		B818881410E2778700DDB356 /* CWParabolaOperation.m in Sources */ = {isa = PBXBuildFile; fileRef = B818881310E2778700DDB356 /* CWParabolaOperation.m */; };
		B8188A3610E2A90D00DDB356 /* AMIndeterminateProgressIndicatorCell.m in Sources */ = {isa = PBXBuildFile; fileRef = B8188A3310E2A90D00DDB356 /* AMIndeterminateProgressIndicatorCell.m */; };
		B8188A3710E2A90D00DDB356 /* AMProgressIndicatorTableColumnController.m in Sources */ = {isa = PBXBuildFile; fileRef = B8188A3510E2A90D00DDB356 /* AMProgressIndicatorTableColumnController.m */; };
		B8188AD310E2B53400DDB356 /* CWMatrixQRDecOperation.m in Sources */ = {isa = PBXBuildFile; fileRef = B8188AD210E2B53400DDB356 /* CWMatrixQRDecOperation.m */; };
		B818960810BF4D7C00502F39 /* CWMatrixInitializer.m in Sources */ = {isa = PBXBuildFile; fileRef = B818960710BF4D7C00502F39 /* CWMatrixInitializer.m */; };
		B81B1A5E10CFB5AA00605363 /* CWMatrixEditableDataSource.m in Sources */ = {isa = PBXBuildFile; fileRef = B81B1A5D10CFB5AA00605363 /* CWMatrixEditableDataSource.m */; };
		B81B1A7810CFB77F00605363 /* CWSolutionWindowController.m in Sources */ = {isa = PBXBuildFile; fileRef = B81B1A7710CFB77F00605363 /* CWSolutionWindowController.m */; };
		B81B1A9110CFBCF900605363 /* CWSolutionWindowController.xib in Resources */ = {isa = PBXBuildFile; fileRef = B81B1A9010CFBCF900605363 /* CWSolutionWindowController.xib */; };
		B83B69A310DE2AFD009F6373 /* CWDecompositionController.xib in Resources */ = {isa = PBXBuildFile; fileRef = B83B69A210DE2AFD009F6373 /* CWDecompositionController.xib */; };
		B83B6B3810DE7EA8009F6373 /* CWMethodExecutor.m in Sources */ = {isa = PBXBuildFile; fileRef = B83B6B3710DE7EA8009F6373 /* CWMethodExecutor.m */; };
		B83B6B6C10DE86AB009F6373 /* CWGraphPlotDataSource.m in Sources */ = {isa = PBXBuildFile; fileRef = B83B6B6B10DE86AB009F6373 /* CWGraphPlotDataSource.m */; };
		B83B6C1110DEA8F2009F6373 /* CWMethodKeys.m in Sources */ = {isa = PBXBuildFile; fileRef = B83B6C1010DEA8F2009F6373 /* CWMethodKeys.m */; };
		B83B6C3A10DEB22B009F6373 /* NSArray+TableDataSource.m in Sources */ = {isa = PBXBuildFile; fileRef = B83B6C3910DEB22B009F6373 /* NSArray+TableDataSource.m */; };
		B83B6CDF10DED045009F6373 /* CWAddPlotWindowController.m in Sources */ = {isa = PBXBuildFile; fileRef = B83B6CDE10DED045009F6373 /* CWAddPlotWindowController.m */; };
		B83B6CE910DED198009F6373 /* CWAddPlotWindowController.xib in Resources */ = {isa = PBXBuildFile; fileRef = B83B6CE810DED198009F6373 /* CWAddPlotWindowController.xib */; };
		B83B6D0B10DED5C0009F6373 /* NSArray+ComboDataSource.m in Sources */ = {isa = PBXBuildFile; fileRef = B83B6D0A10DED5C0009F6373 /* NSArray+ComboDataSource.m */; };
		B83B6E8E10DF8B04009F6373 /* NSArray+Additions.m in Sources */ = {isa = PBXBuildFile; fileRef = B83B6E8D10DF8B04009F6373 /* NSArray+Additions.m */; };
		B86661E510BEFB31008E8942 /* CWMatrixInputController.xib in Resources */ = {isa = PBXBuildFile; fileRef = B86661E410BEFB31008E8942 /* CWMatrixInputController.xib */; };
		B86661EA10BEFB9C008E8942 /* CWCourseWorkAppDelegate.m in Sources */ = {isa = PBXBuildFile; fileRef = B86661E710BEFB9C008E8942 /* CWCourseWorkAppDelegate.m */; };
		B86661EB10BEFB9C008E8942 /* CWMatrixInputController.m in Sources */ = {isa = PBXBuildFile; fileRef = B86661E910BEFB9C008E8942 /* CWMatrixInputController.m */; };
		B86661F210BEFBE3008E8942 /* MainMenu.xib in Resources */ = {isa = PBXBuildFile; fileRef = B86661F110BEFBE3008E8942 /* MainMenu.xib */; };
		B866623E10BF0CAC008E8942 /* CWMatrix.m in Sources */ = {isa = PBXBuildFile; fileRef = B866623D10BF0CAC008E8942 /* CWMatrix.m */; };
		B866625710BF1B2D008E8942 /* CWMatrixDataSource.m in Sources */ = {isa = PBXBuildFile; fileRef = B866625610BF1B2D008E8942 /* CWMatrixDataSource.m */; };
		B866625A10BF1FB6008E8942 /* CWMatrixTableView.m in Sources */ = {isa = PBXBuildFile; fileRef = B866625910BF1FB6008E8942 /* CWMatrixTableView.m */; };
		B8777C9510DE173B00DE59B5 /* CWDecompositionController.m in Sources */ = {isa = PBXBuildFile; fileRef = B8777C9410DE173B00DE59B5 /* CWDecompositionController.m */; };
		B8C3A21110C5656800BE164C /* CWGraphPlotView.m in Sources */ = {isa = PBXBuildFile; fileRef = B8C3A21010C5656800BE164C /* CWGraphPlotView.m */; };
		B8C3A21410C565A600BE164C /* CWMethodOperation.m in Sources */ = {isa = PBXBuildFile; fileRef = B8C3A21310C565A600BE164C /* CWMethodOperation.m */; };
		B8C3A21710C565CA00BE164C /* CWMethodDataSource.m in Sources */ = {isa = PBXBuildFile; fileRef = B8C3A21610C565CA00BE164C /* CWMethodDataSource.m */; };
		B8C3A22210C5695800BE164C /* CWGraphPlotViewAxis.m in Sources */ = {isa = PBXBuildFile; fileRef = B8C3A22110C5695800BE164C /* CWGraphPlotViewAxis.m */; };
		B8F2FF7B10C5B3230058F307 /* CWGraphicWindowController.xib in Resources */ = {isa = PBXBuildFile; fileRef = B8F2FF7A10C5B3230058F307 /* CWGraphicWindowController.xib */; };
		B8F2FF7E10C5B33B0058F307 /* CWGraphicWindowController.m in Sources */ = {isa = PBXBuildFile; fileRef = B8F2FF7D10C5B33B0058F307 /* CWGraphicWindowController.m */; };
/* End PBXBuildFile section */

/* Begin PBXFileReference section */
		089C165DFE840E0CC02AAC07 /* English */ = {isa = PBXFileReference; fileEncoding = 4; lastKnownFileType = text.plist.strings; name = English; path = English.lproj/InfoPlist.strings; sourceTree = "<group>"; };
		1058C7A1FEA54F0111CA2CBB /* Cocoa.framework */ = {isa = PBXFileReference; lastKnownFileType = wrapper.framework; name = Cocoa.framework; path = /System/Library/Frameworks/Cocoa.framework; sourceTree = "<absolute>"; };
		13E42FB307B3F0F600E4EEF1 /* CoreData.framework */ = {isa = PBXFileReference; lastKnownFileType = wrapper.framework; name = CoreData.framework; path = /System/Library/Frameworks/CoreData.framework; sourceTree = "<absolute>"; };
		256AC3F00F4B6AF500CF3369 /* MMCourseWork_Prefix.pch */ = {isa = PBXFileReference; fileEncoding = 4; lastKnownFileType = sourcecode.c.h; path = MMCourseWork_Prefix.pch; sourceTree = "<group>"; };
		29B97316FDCFA39411CA2CEA /* main.m */ = {isa = PBXFileReference; fileEncoding = 4; lastKnownFileType = sourcecode.c.objc; path = main.m; sourceTree = "<group>"; };
		29B97324FDCFA39411CA2CEA /* AppKit.framework */ = {isa = PBXFileReference; lastKnownFileType = wrapper.framework; name = AppKit.framework; path = /System/Library/Frameworks/AppKit.framework; sourceTree = "<absolute>"; };
		29B97325FDCFA39411CA2CEA /* Foundation.framework */ = {isa = PBXFileReference; lastKnownFileType = wrapper.framework; name = Foundation.framework; path = /System/Library/Frameworks/Foundation.framework; sourceTree = "<absolute>"; };
		8D1107310486CEB800E47090 /* MMCourseWork-Info.plist */ = {isa = PBXFileReference; fileEncoding = 4; lastKnownFileType = text.plist.xml; path = "MMCourseWork-Info.plist"; sourceTree = "<group>"; };
		8D1107320486CEB800E47090 /* MMCourseWork.app */ = {isa = PBXFileReference; explicitFileType = wrapper.application; includeInIndex = 0; path = MMCourseWork.app; sourceTree = BUILT_PRODUCTS_DIR; };
		B802F2C310DA71BA0018F124 /* CWMatrixLUDecOperation.h */ = {isa = PBXFileReference; fileEncoding = 4; lastKnownFileType = sourcecode.c.h; path = CWMatrixLUDecOperation.h; sourceTree = "<group>"; };
		B802F2C410DA71BA0018F124 /* CWMatrixLUDecOperation.m */ = {isa = PBXFileReference; fileEncoding = 4; lastKnownFileType = sourcecode.c.objc; path = CWMatrixLUDecOperation.m; sourceTree = "<group>"; };
		B818881210E2778600DDB356 /* CWParabolaOperation.h */ = {isa = PBXFileReference; fileEncoding = 4; lastKnownFileType = sourcecode.c.h; path = CWParabolaOperation.h; sourceTree = "<group>"; };
		B818881310E2778700DDB356 /* CWParabolaOperation.m */ = {isa = PBXFileReference; fileEncoding = 4; lastKnownFileType = sourcecode.c.objc; path = CWParabolaOperation.m; sourceTree = "<group>"; };
		B8188A3210E2A90D00DDB356 /* AMIndeterminateProgressIndicatorCell.h */ = {isa = PBXFileReference; fileEncoding = 4; lastKnownFileType = sourcecode.c.h; path = AMIndeterminateProgressIndicatorCell.h; sourceTree = "<group>"; };
		B8188A3310E2A90D00DDB356 /* AMIndeterminateProgressIndicatorCell.m */ = {isa = PBXFileReference; fileEncoding = 4; lastKnownFileType = sourcecode.c.objc; path = AMIndeterminateProgressIndicatorCell.m; sourceTree = "<group>"; };
		B8188A3410E2A90D00DDB356 /* AMProgressIndicatorTableColumnController.h */ = {isa = PBXFileReference; fileEncoding = 4; lastKnownFileType = sourcecode.c.h; path = AMProgressIndicatorTableColumnController.h; sourceTree = "<group>"; };
		B8188A3510E2A90D00DDB356 /* AMProgressIndicatorTableColumnController.m */ = {isa = PBXFileReference; fileEncoding = 4; lastKnownFileType = sourcecode.c.objc; path = AMProgressIndicatorTableColumnController.m; sourceTree = "<group>"; };
		B8188AD110E2B53400DDB356 /* CWMatrixQRDecOperation.h */ = {isa = PBXFileReference; fileEncoding = 4; lastKnownFileType = sourcecode.c.h; path = CWMatrixQRDecOperation.h; sourceTree = "<group>"; };
		B8188AD210E2B53400DDB356 /* CWMatrixQRDecOperation.m */ = {isa = PBXFileReference; fileEncoding = 4; lastKnownFileType = sourcecode.c.objc; path = CWMatrixQRDecOperation.m; sourceTree = "<group>"; };
		B818960610BF4D7C00502F39 /* CWMatrixInitializer.h */ = {isa = PBXFileReference; fileEncoding = 4; lastKnownFileType = sourcecode.c.h; path = CWMatrixInitializer.h; sourceTree = "<group>"; };
		B818960710BF4D7C00502F39 /* CWMatrixInitializer.m */ = {isa = PBXFileReference; fileEncoding = 4; lastKnownFileType = sourcecode.c.objc; path = CWMatrixInitializer.m; sourceTree = "<group>"; };
		B81B1A5C10CFB5AA00605363 /* CWMatrixEditableDataSource.h */ = {isa = PBXFileReference; fileEncoding = 4; lastKnownFileType = sourcecode.c.h; path = CWMatrixEditableDataSource.h; sourceTree = "<group>"; };
		B81B1A5D10CFB5AA00605363 /* CWMatrixEditableDataSource.m */ = {isa = PBXFileReference; fileEncoding = 4; lastKnownFileType = sourcecode.c.objc; path = CWMatrixEditableDataSource.m; sourceTree = "<group>"; };
		B81B1A7610CFB77F00605363 /* CWSolutionWindowController.h */ = {isa = PBXFileReference; fileEncoding = 4; lastKnownFileType = sourcecode.c.h; path = CWSolutionWindowController.h; sourceTree = "<group>"; };
		B81B1A7710CFB77F00605363 /* CWSolutionWindowController.m */ = {isa = PBXFileReference; fileEncoding = 4; lastKnownFileType = sourcecode.c.objc; path = CWSolutionWindowController.m; sourceTree = "<group>"; };
		B81B1A9010CFBCF900605363 /* CWSolutionWindowController.xib */ = {isa = PBXFileReference; lastKnownFileType = file.xib; path = CWSolutionWindowController.xib; sourceTree = "<group>"; };
		B83B69A210DE2AFD009F6373 /* CWDecompositionController.xib */ = {isa = PBXFileReference; lastKnownFileType = file.xib; path = CWDecompositionController.xib; sourceTree = "<group>"; };
		B83B6B3610DE7EA8009F6373 /* CWMethodExecutor.h */ = {isa = PBXFileReference; fileEncoding = 4; lastKnownFileType = sourcecode.c.h; path = CWMethodExecutor.h; sourceTree = "<group>"; };
		B83B6B3710DE7EA8009F6373 /* CWMethodExecutor.m */ = {isa = PBXFileReference; fileEncoding = 4; lastKnownFileType = sourcecode.c.objc; path = CWMethodExecutor.m; sourceTree = "<group>"; };
		B83B6B6A10DE86AB009F6373 /* CWGraphPlotDataSource.h */ = {isa = PBXFileReference; fileEncoding = 4; lastKnownFileType = sourcecode.c.h; path = CWGraphPlotDataSource.h; sourceTree = "<group>"; };
		B83B6B6B10DE86AB009F6373 /* CWGraphPlotDataSource.m */ = {isa = PBXFileReference; fileEncoding = 4; lastKnownFileType = sourcecode.c.objc; path = CWGraphPlotDataSource.m; sourceTree = "<group>"; };
		B83B6C0F10DEA8F2009F6373 /* CWMethodKeys.h */ = {isa = PBXFileReference; fileEncoding = 4; lastKnownFileType = sourcecode.c.h; path = CWMethodKeys.h; sourceTree = "<group>"; };
		B83B6C1010DEA8F2009F6373 /* CWMethodKeys.m */ = {isa = PBXFileReference; fileEncoding = 4; lastKnownFileType = sourcecode.c.objc; path = CWMethodKeys.m; sourceTree = "<group>"; };
		B83B6C3810DEB22B009F6373 /* NSArray+TableDataSource.h */ = {isa = PBXFileReference; fileEncoding = 4; lastKnownFileType = sourcecode.c.h; path = "NSArray+TableDataSource.h"; sourceTree = "<group>"; };
		B83B6C3910DEB22B009F6373 /* NSArray+TableDataSource.m */ = {isa = PBXFileReference; fileEncoding = 4; lastKnownFileType = sourcecode.c.objc; path = "NSArray+TableDataSource.m"; sourceTree = "<group>"; };
		B83B6CDD10DED045009F6373 /* CWAddPlotWindowController.h */ = {isa = PBXFileReference; fileEncoding = 4; lastKnownFileType = sourcecode.c.h; path = CWAddPlotWindowController.h; sourceTree = "<group>"; };
		B83B6CDE10DED045009F6373 /* CWAddPlotWindowController.m */ = {isa = PBXFileReference; fileEncoding = 4; lastKnownFileType = sourcecode.c.objc; path = CWAddPlotWindowController.m; sourceTree = "<group>"; };
		B83B6CE810DED198009F6373 /* CWAddPlotWindowController.xib */ = {isa = PBXFileReference; lastKnownFileType = file.xib; path = CWAddPlotWindowController.xib; sourceTree = "<group>"; };
		B83B6D0910DED5C0009F6373 /* NSArray+ComboDataSource.h */ = {isa = PBXFileReference; fileEncoding = 4; lastKnownFileType = sourcecode.c.h; path = "NSArray+ComboDataSource.h"; sourceTree = "<group>"; };
		B83B6D0A10DED5C0009F6373 /* NSArray+ComboDataSource.m */ = {isa = PBXFileReference; fileEncoding = 4; lastKnownFileType = sourcecode.c.objc; path = "NSArray+ComboDataSource.m"; sourceTree = "<group>"; };
		B83B6E8C10DF8B04009F6373 /* NSArray+Additions.h */ = {isa = PBXFileReference; fileEncoding = 4; lastKnownFileType = sourcecode.c.h; path = "NSArray+Additions.h"; sourceTree = "<group>"; };
		B83B6E8D10DF8B04009F6373 /* NSArray+Additions.m */ = {isa = PBXFileReference; fileEncoding = 4; lastKnownFileType = sourcecode.c.objc; path = "NSArray+Additions.m"; sourceTree = "<group>"; };
		B86661E410BEFB31008E8942 /* CWMatrixInputController.xib */ = {isa = PBXFileReference; lastKnownFileType = file.xib; name = CWMatrixInputController.xib; path = Resources/CWMatrixInputController.xib; sourceTree = "<group>"; };
		B86661E610BEFB9C008E8942 /* CWCourseWorkAppDelegate.h */ = {isa = PBXFileReference; fileEncoding = 4; lastKnownFileType = sourcecode.c.h; name = CWCourseWorkAppDelegate.h; path = Classes/CWCourseWorkAppDelegate.h; sourceTree = "<group>"; };
		B86661E710BEFB9C008E8942 /* CWCourseWorkAppDelegate.m */ = {isa = PBXFileReference; fileEncoding = 4; lastKnownFileType = sourcecode.c.objc; name = CWCourseWorkAppDelegate.m; path = Classes/CWCourseWorkAppDelegate.m; sourceTree = "<group>"; };
		B86661E810BEFB9C008E8942 /* CWMatrixInputController.h */ = {isa = PBXFileReference; fileEncoding = 4; lastKnownFileType = sourcecode.c.h; name = CWMatrixInputController.h; path = Classes/CWMatrixInputController.h; sourceTree = "<group>"; };
		B86661E910BEFB9C008E8942 /* CWMatrixInputController.m */ = {isa = PBXFileReference; fileEncoding = 4; lastKnownFileType = sourcecode.c.objc; name = CWMatrixInputController.m; path = Classes/CWMatrixInputController.m; sourceTree = "<group>"; };
		B86661F110BEFBE3008E8942 /* MainMenu.xib */ = {isa = PBXFileReference; lastKnownFileType = file.xib; name = MainMenu.xib; path = Resources/MainMenu.xib; sourceTree = "<group>"; };
		B866623C10BF0CAC008E8942 /* CWMatrix.h */ = {isa = PBXFileReference; fileEncoding = 4; lastKnownFileType = sourcecode.c.h; path = CWMatrix.h; sourceTree = "<group>"; };
		B866623D10BF0CAC008E8942 /* CWMatrix.m */ = {isa = PBXFileReference; fileEncoding = 4; lastKnownFileType = sourcecode.c.objc; path = CWMatrix.m; sourceTree = "<group>"; };
		B866625510BF1B2D008E8942 /* CWMatrixDataSource.h */ = {isa = PBXFileReference; fileEncoding = 4; lastKnownFileType = sourcecode.c.h; path = CWMatrixDataSource.h; sourceTree = "<group>"; };
		B866625610BF1B2D008E8942 /* CWMatrixDataSource.m */ = {isa = PBXFileReference; fileEncoding = 4; lastKnownFileType = sourcecode.c.objc; path = CWMatrixDataSource.m; sourceTree = "<group>"; };
		B866625810BF1FB6008E8942 /* CWMatrixTableView.h */ = {isa = PBXFileReference; fileEncoding = 4; lastKnownFileType = sourcecode.c.h; path = CWMatrixTableView.h; sourceTree = "<group>"; };
		B866625910BF1FB6008E8942 /* CWMatrixTableView.m */ = {isa = PBXFileReference; fileEncoding = 4; lastKnownFileType = sourcecode.c.objc; path = CWMatrixTableView.m; sourceTree = "<group>"; };
		B8777C9310DE173B00DE59B5 /* CWDecompositionController.h */ = {isa = PBXFileReference; fileEncoding = 4; lastKnownFileType = sourcecode.c.h; path = CWDecompositionController.h; sourceTree = "<group>"; };
		B8777C9410DE173B00DE59B5 /* CWDecompositionController.m */ = {isa = PBXFileReference; fileEncoding = 4; lastKnownFileType = sourcecode.c.objc; path = CWDecompositionController.m; sourceTree = "<group>"; };
		B8C3A20F10C5656800BE164C /* CWGraphPlotView.h */ = {isa = PBXFileReference; fileEncoding = 4; lastKnownFileType = sourcecode.c.h; path = CWGraphPlotView.h; sourceTree = "<group>"; };
		B8C3A21010C5656800BE164C /* CWGraphPlotView.m */ = {isa = PBXFileReference; fileEncoding = 4; lastKnownFileType = sourcecode.c.objc; path = CWGraphPlotView.m; sourceTree = "<group>"; };
		B8C3A21210C565A600BE164C /* CWMethodOperation.h */ = {isa = PBXFileReference; fileEncoding = 4; lastKnownFileType = sourcecode.c.h; path = CWMethodOperation.h; sourceTree = "<group>"; };
		B8C3A21310C565A600BE164C /* CWMethodOperation.m */ = {isa = PBXFileReference; fileEncoding = 4; lastKnownFileType = sourcecode.c.objc; path = CWMethodOperation.m; sourceTree = "<group>"; };
		B8C3A21510C565CA00BE164C /* CWMethodDataSource.h */ = {isa = PBXFileReference; fileEncoding = 4; lastKnownFileType = sourcecode.c.h; path = CWMethodDataSource.h; sourceTree = "<group>"; };
		B8C3A21610C565CA00BE164C /* CWMethodDataSource.m */ = {isa = PBXFileReference; fileEncoding = 4; lastKnownFileType = sourcecode.c.objc; path = CWMethodDataSource.m; sourceTree = "<group>"; };
		B8C3A22010C5695800BE164C /* CWGraphPlotViewAxis.h */ = {isa = PBXFileReference; fileEncoding = 4; lastKnownFileType = sourcecode.c.h; path = CWGraphPlotViewAxis.h; sourceTree = "<group>"; };
		B8C3A22110C5695800BE164C /* CWGraphPlotViewAxis.m */ = {isa = PBXFileReference; fileEncoding = 4; lastKnownFileType = sourcecode.c.objc; path = CWGraphPlotViewAxis.m; sourceTree = "<group>"; };
		B8F2FF7A10C5B3230058F307 /* CWGraphicWindowController.xib */ = {isa = PBXFileReference; lastKnownFileType = file.xib; path = CWGraphicWindowController.xib; sourceTree = "<group>"; };
		B8F2FF7C10C5B33B0058F307 /* CWGraphicWindowController.h */ = {isa = PBXFileReference; fileEncoding = 4; lastKnownFileType = sourcecode.c.h; path = CWGraphicWindowController.h; sourceTree = "<group>"; };
		B8F2FF7D10C5B33B0058F307 /* CWGraphicWindowController.m */ = {isa = PBXFileReference; fileEncoding = 4; lastKnownFileType = sourcecode.c.objc; path = CWGraphicWindowController.m; sourceTree = "<group>"; };
/* End PBXFileReference section */

/* Begin PBXFrameworksBuildPhase section */
		8D11072E0486CEB800E47090 /* Frameworks */ = {
			isa = PBXFrameworksBuildPhase;
			buildActionMask = 2147483647;
			files = (
				8D11072F0486CEB800E47090 /* Cocoa.framework in Frameworks */,
			);
			runOnlyForDeploymentPostprocessing = 0;
		};
/* End PBXFrameworksBuildPhase section */

/* Begin PBXGroup section */
		080E96DDFE201D6D7F000001 /* Classes */ = {
			isa = PBXGroup;
			children = (
				B86661E610BEFB9C008E8942 /* CWCourseWorkAppDelegate.h */,
				B86661E710BEFB9C008E8942 /* CWCourseWorkAppDelegate.m */,
				B86661C410BEF870008E8942 /* Drawing */,
				B86661C310BEF863008E8942 /* Model */,
				B86661C210BEF85A008E8942 /* Controllers */,
				B83B6E8C10DF8B04009F6373 /* NSArray+Additions.h */,
				B83B6E8D10DF8B04009F6373 /* NSArray+Additions.m */,
			);
			name = Classes;
			sourceTree = "<group>";
		};
		1058C7A0FEA54F0111CA2CBB /* Linked Frameworks */ = {
			isa = PBXGroup;
			children = (
				1058C7A1FEA54F0111CA2CBB /* Cocoa.framework */,
			);
			name = "Linked Frameworks";
			sourceTree = "<group>";
		};
		1058C7A2FEA54F0111CA2CBB /* Other Frameworks */ = {
			isa = PBXGroup;
			children = (
				29B97324FDCFA39411CA2CEA /* AppKit.framework */,
				13E42FB307B3F0F600E4EEF1 /* CoreData.framework */,
				29B97325FDCFA39411CA2CEA /* Foundation.framework */,
			);
			name = "Other Frameworks";
			sourceTree = "<group>";
		};
		19C28FACFE9D520D11CA2CBB /* Products */ = {
			isa = PBXGroup;
			children = (
				8D1107320486CEB800E47090 /* MMCourseWork.app */,
			);
			name = Products;
			sourceTree = "<group>";
		};
		29B97314FDCFA39411CA2CEA /* MMCourseWork */ = {
			isa = PBXGroup;
			children = (
				B8188A2710E2A80600DDB356 /* External */,
				080E96DDFE201D6D7F000001 /* Classes */,
				29B97315FDCFA39411CA2CEA /* Other Sources */,
				29B97317FDCFA39411CA2CEA /* Resources */,
				29B97323FDCFA39411CA2CEA /* Frameworks */,
				19C28FACFE9D520D11CA2CBB /* Products */,
			);
			name = MMCourseWork;
			sourceTree = "<group>";
		};
		29B97315FDCFA39411CA2CEA /* Other Sources */ = {
			isa = PBXGroup;
			children = (
				256AC3F00F4B6AF500CF3369 /* MMCourseWork_Prefix.pch */,
				29B97316FDCFA39411CA2CEA /* main.m */,
			);
			name = "Other Sources";
			sourceTree = "<group>";
		};
		29B97317FDCFA39411CA2CEA /* Resources */ = {
			isa = PBXGroup;
			children = (
				B86661F110BEFBE3008E8942 /* MainMenu.xib */,
				8D1107310486CEB800E47090 /* MMCourseWork-Info.plist */,
				089C165CFE840E0CC02AAC07 /* InfoPlist.strings */,
				B86661E410BEFB31008E8942 /* CWMatrixInputController.xib */,
				B8F2FF7A10C5B3230058F307 /* CWGraphicWindowController.xib */,
				B83B69A210DE2AFD009F6373 /* CWDecompositionController.xib */,
				B81B1A9010CFBCF900605363 /* CWSolutionWindowController.xib */,
				B83B6CE810DED198009F6373 /* CWAddPlotWindowController.xib */,
			);
			name = Resources;
			sourceTree = "<group>";
		};
		29B97323FDCFA39411CA2CEA /* Frameworks */ = {
			isa = PBXGroup;
			children = (
				1058C7A0FEA54F0111CA2CBB /* Linked Frameworks */,
				1058C7A2FEA54F0111CA2CBB /* Other Frameworks */,
			);
			name = Frameworks;
			sourceTree = "<group>";
		};
		B8188A2710E2A80600DDB356 /* External */ = {
			isa = PBXGroup;
			children = (
				B8188A3210E2A90D00DDB356 /* AMIndeterminateProgressIndicatorCell.h */,
				B8188A3310E2A90D00DDB356 /* AMIndeterminateProgressIndicatorCell.m */,
				B8188A3410E2A90D00DDB356 /* AMProgressIndicatorTableColumnController.h */,
				B8188A3510E2A90D00DDB356 /* AMProgressIndicatorTableColumnController.m */,
			);
			name = External;
			sourceTree = "<group>";
		};
		B83B6C3710DEB1C7009F6373 /* Data Sources */ = {
			isa = PBXGroup;
			children = (
				B866625510BF1B2D008E8942 /* CWMatrixDataSource.h */,
				B866625610BF1B2D008E8942 /* CWMatrixDataSource.m */,
				B81B1A5C10CFB5AA00605363 /* CWMatrixEditableDataSource.h */,
				B81B1A5D10CFB5AA00605363 /* CWMatrixEditableDataSource.m */,
				B83B6B6A10DE86AB009F6373 /* CWGraphPlotDataSource.h */,
				B83B6B6B10DE86AB009F6373 /* CWGraphPlotDataSource.m */,
				B8C3A21510C565CA00BE164C /* CWMethodDataSource.h */,
				B8C3A21610C565CA00BE164C /* CWMethodDataSource.m */,
				B83B6C3810DEB22B009F6373 /* NSArray+TableDataSource.h */,
				B83B6C3910DEB22B009F6373 /* NSArray+TableDataSource.m */,
				B83B6D0910DED5C0009F6373 /* NSArray+ComboDataSource.h */,
				B83B6D0A10DED5C0009F6373 /* NSArray+ComboDataSource.m */,
			);
			name = "Data Sources";
			sourceTree = "<group>";
		};
		B86661C210BEF85A008E8942 /* Controllers */ = {
			isa = PBXGroup;
			children = (
				B86661E810BEFB9C008E8942 /* CWMatrixInputController.h */,
				B86661E910BEFB9C008E8942 /* CWMatrixInputController.m */,
				B866625810BF1FB6008E8942 /* CWMatrixTableView.h */,
				B866625910BF1FB6008E8942 /* CWMatrixTableView.m */,
				B8F2FF7C10C5B33B0058F307 /* CWGraphicWindowController.h */,
				B8F2FF7D10C5B33B0058F307 /* CWGraphicWindowController.m */,
				B81B1A7610CFB77F00605363 /* CWSolutionWindowController.h */,
				B81B1A7710CFB77F00605363 /* CWSolutionWindowController.m */,
				B8777C9310DE173B00DE59B5 /* CWDecompositionController.h */,
				B8777C9410DE173B00DE59B5 /* CWDecompositionController.m */,
				B83B6CDD10DED045009F6373 /* CWAddPlotWindowController.h */,
				B83B6CDE10DED045009F6373 /* CWAddPlotWindowController.m */,
			);
			name = Controllers;
			sourceTree = "<group>";
		};
		B86661C310BEF863008E8942 /* Model */ = {
			isa = PBXGroup;
			children = (
				B83B6C3710DEB1C7009F6373 /* Data Sources */,
				B8C3A20310C5646100BE164C /* Method */,
				B8C3A20210C5645700BE164C /* Matrix */,
			);
			name = Model;
			sourceTree = "<group>";
		};
		B86661C410BEF870008E8942 /* Drawing */ = {
			isa = PBXGroup;
			children = (
				B8C3A20F10C5656800BE164C /* CWGraphPlotView.h */,
				B8C3A21010C5656800BE164C /* CWGraphPlotView.m */,
				B8C3A22010C5695800BE164C /* CWGraphPlotViewAxis.h */,
				B8C3A22110C5695800BE164C /* CWGraphPlotViewAxis.m */,
			);
			name = Drawing;
			sourceTree = "<group>";
		};
		B8C3A20210C5645700BE164C /* Matrix */ = {
			isa = PBXGroup;
			children = (
				B866623C10BF0CAC008E8942 /* CWMatrix.h */,
				B866623D10BF0CAC008E8942 /* CWMatrix.m */,
				B818960610BF4D7C00502F39 /* CWMatrixInitializer.h */,
				B818960710BF4D7C00502F39 /* CWMatrixInitializer.m */,
			);
			name = Matrix;
			sourceTree = "<group>";
		};
		B8C3A20310C5646100BE164C /* Method */ = {
			isa = PBXGroup;
			children = (
				B8C3A21210C565A600BE164C /* CWMethodOperation.h */,
				B8C3A21310C565A600BE164C /* CWMethodOperation.m */,
				B802F2C310DA71BA0018F124 /* CWMatrixLUDecOperation.h */,
				B802F2C410DA71BA0018F124 /* CWMatrixLUDecOperation.m */,
				B83B6B3610DE7EA8009F6373 /* CWMethodExecutor.h */,
				B83B6B3710DE7EA8009F6373 /* CWMethodExecutor.m */,
				B83B6C0F10DEA8F2009F6373 /* CWMethodKeys.h */,
				B83B6C1010DEA8F2009F6373 /* CWMethodKeys.m */,
				B818881210E2778600DDB356 /* CWParabolaOperation.h */,
				B818881310E2778700DDB356 /* CWParabolaOperation.m */,
				B8188AD110E2B53400DDB356 /* CWMatrixQRDecOperation.h */,
				B8188AD210E2B53400DDB356 /* CWMatrixQRDecOperation.m */,
			);
			name = Method;
			sourceTree = "<group>";
		};
/* End PBXGroup section */

/* Begin PBXNativeTarget section */
		8D1107260486CEB800E47090 /* MMCourseWork */ = {
			isa = PBXNativeTarget;
			buildConfigurationList = C01FCF4A08A954540054247B /* Build configuration list for PBXNativeTarget "MMCourseWork" */;
			buildPhases = (
				8D1107290486CEB800E47090 /* Resources */,
				8D11072C0486CEB800E47090 /* Sources */,
				8D11072E0486CEB800E47090 /* Frameworks */,
			);
			buildRules = (
			);
			dependencies = (
			);
			name = MMCourseWork;
			productInstallPath = "$(HOME)/Applications";
			productName = MMCourseWork;
			productReference = 8D1107320486CEB800E47090 /* MMCourseWork.app */;
			productType = "com.apple.product-type.application";
		};
/* End PBXNativeTarget section */

/* Begin PBXProject section */
		29B97313FDCFA39411CA2CEA /* Project object */ = {
			isa = PBXProject;
			buildConfigurationList = C01FCF4E08A954540054247B /* Build configuration list for PBXProject "MMCourseWork" */;
			compatibilityVersion = "Xcode 3.1";
			hasScannedForEncodings = 1;
			mainGroup = 29B97314FDCFA39411CA2CEA /* MMCourseWork */;
			projectDirPath = "";
			projectRoot = "";
			targets = (
				8D1107260486CEB800E47090 /* MMCourseWork */,
			);
		};
/* End PBXProject section */

/* Begin PBXResourcesBuildPhase section */
		8D1107290486CEB800E47090 /* Resources */ = {
			isa = PBXResourcesBuildPhase;
			buildActionMask = 2147483647;
			files = (
				8D11072B0486CEB800E47090 /* InfoPlist.strings in Resources */,
				B86661E510BEFB31008E8942 /* CWMatrixInputController.xib in Resources */,
				B86661F210BEFBE3008E8942 /* MainMenu.xib in Resources */,
				B8F2FF7B10C5B3230058F307 /* CWGraphicWindowController.xib in Resources */,
				B81B1A9110CFBCF900605363 /* CWSolutionWindowController.xib in Resources */,
				B83B69A310DE2AFD009F6373 /* CWDecompositionController.xib in Resources */,
				B83B6CE910DED198009F6373 /* CWAddPlotWindowController.xib in Resources */,
			);
			runOnlyForDeploymentPostprocessing = 0;
		};
/* End PBXResourcesBuildPhase section */

/* Begin PBXSourcesBuildPhase section */
		8D11072C0486CEB800E47090 /* Sources */ = {
			isa = PBXSourcesBuildPhase;
			buildActionMask = 2147483647;
			files = (
				8D11072D0486CEB800E47090 /* main.m in Sources */,
				B86661EA10BEFB9C008E8942 /* CWCourseWorkAppDelegate.m in Sources */,
				B86661EB10BEFB9C008E8942 /* CWMatrixInputController.m in Sources */,
				B866623E10BF0CAC008E8942 /* CWMatrix.m in Sources */,
				B866625710BF1B2D008E8942 /* CWMatrixDataSource.m in Sources */,
				B866625A10BF1FB6008E8942 /* CWMatrixTableView.m in Sources */,
				B818960810BF4D7C00502F39 /* CWMatrixInitializer.m in Sources */,
				B8C3A21110C5656800BE164C /* CWGraphPlotView.m in Sources */,
				B8C3A21410C565A600BE164C /* CWMethodOperation.m in Sources */,
				B8C3A21710C565CA00BE164C /* CWMethodDataSource.m in Sources */,
				B8C3A22210C5695800BE164C /* CWGraphPlotViewAxis.m in Sources */,
				B8F2FF7E10C5B33B0058F307 /* CWGraphicWindowController.m in Sources */,
				B81B1A5E10CFB5AA00605363 /* CWMatrixEditableDataSource.m in Sources */,
				B81B1A7810CFB77F00605363 /* CWSolutionWindowController.m in Sources */,
				B802F2C510DA71BA0018F124 /* CWMatrixLUDecOperation.m in Sources */,
				B8777C9510DE173B00DE59B5 /* CWDecompositionController.m in Sources */,
				B83B6B3810DE7EA8009F6373 /* CWMethodExecutor.m in Sources */,
				B83B6B6C10DE86AB009F6373 /* CWGraphPlotDataSource.m in Sources */,
				B83B6C1110DEA8F2009F6373 /* CWMethodKeys.m in Sources */,
				B83B6C3A10DEB22B009F6373 /* NSArray+TableDataSource.m in Sources */,
				B83B6CDF10DED045009F6373 /* CWAddPlotWindowController.m in Sources */,
				B83B6D0B10DED5C0009F6373 /* NSArray+ComboDataSource.m in Sources */,
				B83B6E8E10DF8B04009F6373 /* NSArray+Additions.m in Sources */,
				B818881410E2778700DDB356 /* CWParabolaOperation.m in Sources */,
				B8188A3610E2A90D00DDB356 /* AMIndeterminateProgressIndicatorCell.m in Sources */,
				B8188A3710E2A90D00DDB356 /* AMProgressIndicatorTableColumnController.m in Sources */,
				B8188AD310E2B53400DDB356 /* CWMatrixQRDecOperation.m in Sources */,
			);
			runOnlyForDeploymentPostprocessing = 0;
		};
/* End PBXSourcesBuildPhase section */

/* Begin PBXVariantGroup section */
		089C165CFE840E0CC02AAC07 /* InfoPlist.strings */ = {
			isa = PBXVariantGroup;
			children = (
				089C165DFE840E0CC02AAC07 /* English */,
			);
			name = InfoPlist.strings;
			sourceTree = "<group>";
		};
/* End PBXVariantGroup section */

/* Begin XCBuildConfiguration section */
		C01FCF4B08A954540054247B /* Debug */ = {
			isa = XCBuildConfiguration;
			buildSettings = {
				ALWAYS_SEARCH_USER_PATHS = NO;
				COPY_PHASE_STRIP = NO;
				GCC_DYNAMIC_NO_PIC = NO;
				GCC_ENABLE_FIX_AND_CONTINUE = YES;
				GCC_MODEL_TUNING = G5;
				GCC_OPTIMIZATION_LEVEL = 0;
				GCC_PRECOMPILE_PREFIX_HEADER = YES;
				GCC_PREFIX_HEADER = MMCourseWork_Prefix.pch;
				INFOPLIST_FILE = "MMCourseWork-Info.plist";
				INSTALL_PATH = "$(HOME)/Applications";
				PRODUCT_NAME = MMCourseWork;
			};
			name = Debug;
		};
		C01FCF4C08A954540054247B /* Release */ = {
			isa = XCBuildConfiguration;
			buildSettings = {
				ALWAYS_SEARCH_USER_PATHS = NO;
				DEBUG_INFORMATION_FORMAT = "dwarf-with-dsym";
				GCC_MODEL_TUNING = G5;
				GCC_PRECOMPILE_PREFIX_HEADER = YES;
				GCC_PREFIX_HEADER = MMCourseWork_Prefix.pch;
				INFOPLIST_FILE = "MMCourseWork-Info.plist";
				INSTALL_PATH = "$(HOME)/Applications";
				PRODUCT_NAME = MMCourseWork;
			};
			name = Release;
		};
		C01FCF4F08A954540054247B /* Debug */ = {
			isa = XCBuildConfiguration;
			buildSettings = {
				ARCHS = "$(ARCHS_STANDARD_32_64_BIT)";
				GCC_C_LANGUAGE_STANDARD = gnu99;
				GCC_OPTIMIZATION_LEVEL = 0;
				GCC_WARN_ABOUT_RETURN_TYPE = YES;
				GCC_WARN_UNUSED_VARIABLE = YES;
				ONLY_ACTIVE_ARCH = YES;
				PREBINDING = NO;
				SDKROOT = macosx10.6;
			};
			name = Debug;
		};
		C01FCF5008A954540054247B /* Release */ = {
			isa = XCBuildConfiguration;
			buildSettings = {
				ARCHS = "$(ARCHS_STANDARD_32_64_BIT)";
				GCC_C_LANGUAGE_STANDARD = gnu99;
				GCC_WARN_ABOUT_RETURN_TYPE = YES;
				GCC_WARN_UNUSED_VARIABLE = YES;
				PREBINDING = NO;
				SDKROOT = macosx10.6;
			};
			name = Release;
		};
/* End XCBuildConfiguration section */

/* Begin XCConfigurationList section */
		C01FCF4A08A954540054247B /* Build configuration list for PBXNativeTarget "MMCourseWork" */ = {
			isa = XCConfigurationList;
			buildConfigurations = (
				C01FCF4B08A954540054247B /* Debug */,
				C01FCF4C08A954540054247B /* Release */,
			);
			defaultConfigurationIsVisible = 0;
			defaultConfigurationName = Release;
		};
		C01FCF4E08A954540054247B /* Build configuration list for PBXProject "MMCourseWork" */ = {
			isa = XCConfigurationList;
			buildConfigurations = (
				C01FCF4F08A954540054247B /* Debug */,
				C01FCF5008A954540054247B /* Release */,
			);
			defaultConfigurationIsVisible = 0;
			defaultConfigurationName = Release;
		};
/* End XCConfigurationList section */
	};
	rootObject = 29B97313FDCFA39411CA2CEA /* Project object */;
}
